
Microsoft Visual Studio Solution File, Format Version 12.00
# Visual Studio Version 17
VisualStudioVersion = 17.7.34031.279
MinimumVisualStudioVersion = 10.0.40219.1
Project("{FAE04EC0-301F-11D3-BF4B-00C04F79EFBC}") = "Calculator", "Calculator\Calculator.csproj", "{D149E46A-0836-499F-9995-2C4D7EDB53D4}"
EndProject
Global
	GlobalSection(SolutionConfigurationPlatforms) = preSolution
		Debug|Any CPU = Debug|Any CPU
		Release|Any CPU = Release|Any CPU
	EndGlobalSection
	GlobalSection(ProjectConfigurationPlatforms) = postSolution
		{D149E46A-0836-499F-9995-2C4D7EDB53D4}.Debug|Any CPU.ActiveCfg = Debug|Any CPU
		{D149E46A-0836-499F-9995-2C4D7EDB53D4}.Debug|Any CPU.Build.0 = Debug|Any CPU
		{D149E46A-0836-499F-9995-2C4D7EDB53D4}.Release|Any CPU.ActiveCfg = Release|Any CPU
		{D149E46A-0836-499F-9995-2C4D7EDB53D4}.Release|Any CPU.Build.0 = Release|Any CPU
	EndGlobalSection
	GlobalSection(SolutionProperties) = preSolution
		HideSolutionNode = FALSE
	EndGlobalSection
	GlobalSection(ExtensibilityGlobals) = postSolution
		SolutionGuid = {3FAEB66C-6022-4E8E-9009-B02A5CBBB60E}
	EndGlobalSection
EndGlobal
