
Microsoft Visual Studio Solution File, Format Version 12.00
# Visual Studio Version 17
VisualStudioVersion = 17.8.34316.72
MinimumVisualStudioVersion = 10.0.40219.1
Project("{FAE04EC0-301F-11D3-BF4B-00C04F79EFBC}") = "FinalProject", "FinalProject\FinalProject.csproj", "{E19C4FAF-C9F8-4568-9059-5C91FDA553F5}"
EndProject
Global
	GlobalSection(SolutionConfigurationPlatforms) = preSolution
		Debug|Any CPU = Debug|Any CPU
		Release|Any CPU = Release|Any CPU
	EndGlobalSection
	GlobalSection(ProjectConfigurationPlatforms) = postSolution
		{E19C4FAF-C9F8-4568-9059-5C91FDA553F5}.Debug|Any CPU.ActiveCfg = Debug|Any CPU
		{E19C4FAF-C9F8-4568-9059-5C91FDA553F5}.Debug|Any CPU.Build.0 = Debug|Any CPU
		{E19C4FAF-C9F8-4568-9059-5C91FDA553F5}.Release|Any CPU.ActiveCfg = Release|Any CPU
		{E19C4FAF-C9F8-4568-9059-5C91FDA553F5}.Release|Any CPU.Build.0 = Release|Any CPU
	EndGlobalSection
	GlobalSection(SolutionProperties) = preSolution
		HideSolutionNode = FALSE
	EndGlobalSection
	GlobalSection(ExtensibilityGlobals) = postSolution
		SolutionGuid = {DE236195-3784-40E7-93E3-BF7CB72C779A}
	EndGlobalSection
EndGlobal
